
Microsoft Visual Studio Solution File, Format Version 12.00
# Visual Studio 15
VisualStudioVersion = 15.0.28307.106
MinimumVisualStudioVersion = 10.0.40219.1
Project("{FAE04EC0-301F-11D3-BF4B-00C04F79EFBC}") = "GaryGillespie_Practical", "GaryGillespie_Practical\GaryGillespie_Practical.csproj", "{89E6E8FD-A979-41F4-9F2C-C9B399102DFC}"
EndProject
Global
	GlobalSection(SolutionConfigurationPlatforms) = preSolution
		Debug|Any CPU = Debug|Any CPU
		Release|Any CPU = Release|Any CPU
	EndGlobalSection
	GlobalSection(ProjectConfigurationPlatforms) = postSolution
		{89E6E8FD-A979-41F4-9F2C-C9B399102DFC}.Debug|Any CPU.ActiveCfg = Debug|Any CPU
		{89E6E8FD-A979-41F4-9F2C-C9B399102DFC}.Debug|Any CPU.Build.0 = Debug|Any CPU
		{89E6E8FD-A979-41F4-9F2C-C9B399102DFC}.Release|Any CPU.ActiveCfg = Release|Any CPU
		{89E6E8FD-A979-41F4-9F2C-C9B399102DFC}.Release|Any CPU.Build.0 = Release|Any CPU
	EndGlobalSection
	GlobalSection(SolutionProperties) = preSolution
		HideSolutionNode = FALSE
	EndGlobalSection
	GlobalSection(ExtensibilityGlobals) = postSolution
		SolutionGuid = {FEF12DC2-3EAE-4C7D-A894-26F1E40A671D}
	EndGlobalSection
EndGlobal
